
Microsoft Visual Studio Solution File, Format Version 12.00
# Visual Studio Version 17
VisualStudioVersion = 17.5.002.0
MinimumVisualStudioVersion = 10.0.40219.1
Project("{9A19103F-16F7-4668-BE54-9A1E7A4F7556}") = "GestionnaireContacts", "GestionnaireContacts.csproj", "{D47B9CB7-AEAD-465A-8C0C-1D12BB177539}"
EndProject
Global
	GlobalSection(SolutionConfigurationPlatforms) = preSolution
		Debug|Any CPU = Debug|Any CPU
		Release|Any CPU = Release|Any CPU
	EndGlobalSection
	GlobalSection(ProjectConfigurationPlatforms) = postSolution
		{D47B9CB7-AEAD-465A-8C0C-1D12BB177539}.Debug|Any CPU.ActiveCfg = Debug|Any CPU
		{D47B9CB7-AEAD-465A-8C0C-1D12BB177539}.Debug|Any CPU.Build.0 = Debug|Any CPU
		{D47B9CB7-AEAD-465A-8C0C-1D12BB177539}.Release|Any CPU.ActiveCfg = Release|Any CPU
		{D47B9CB7-AEAD-465A-8C0C-1D12BB177539}.Release|Any CPU.Build.0 = Release|Any CPU
	EndGlobalSection
	GlobalSection(SolutionProperties) = preSolution
		HideSolutionNode = FALSE
	EndGlobalSection
	GlobalSection(ExtensibilityGlobals) = postSolution
		SolutionGuid = {A836CE72-9956-4332-A2DE-C7F48B2415CA}
	EndGlobalSection
EndGlobal
